
Microsoft Visual Studio Solution File, Format Version 12.00
# Visual Studio Version 17
VisualStudioVersion = 17.8.34330.188
MinimumVisualStudioVersion = 10.0.40219.1
Project("{8BC9CEB8-8B4A-11D0-8D11-00A0C91BC942}") = "OpenGL_Game_Diplom_Moment", "OpenGL_Game_Diplom_Moment\OpenGL_Game_Diplom_Moment.vcxproj", "{518CAAF1-3C77-40F9-9565-5CD65F60CFE9}"
EndProject
Global
	GlobalSection(SolutionConfigurationPlatforms) = preSolution
		Debug|x64 = Debug|x64
		Debug|x86 = Debug|x86
		Release|x64 = Release|x64
		Release|x86 = Release|x86
	EndGlobalSection
	GlobalSection(ProjectConfigurationPlatforms) = postSolution
		{518CAAF1-3C77-40F9-9565-5CD65F60CFE9}.Debug|x64.ActiveCfg = Debug|x64
		{518CAAF1-3C77-40F9-9565-5CD65F60CFE9}.Debug|x64.Build.0 = Debug|x64
		{518CAAF1-3C77-40F9-9565-5CD65F60CFE9}.Debug|x86.ActiveCfg = Debug|Win32
		{518CAAF1-3C77-40F9-9565-5CD65F60CFE9}.Debug|x86.Build.0 = Debug|Win32
		{518CAAF1-3C77-40F9-9565-5CD65F60CFE9}.Release|x64.ActiveCfg = Release|x64
		{518CAAF1-3C77-40F9-9565-5CD65F60CFE9}.Release|x64.Build.0 = Release|x64
		{518CAAF1-3C77-40F9-9565-5CD65F60CFE9}.Release|x86.ActiveCfg = Release|Win32
		{518CAAF1-3C77-40F9-9565-5CD65F60CFE9}.Release|x86.Build.0 = Release|Win32
	EndGlobalSection
	GlobalSection(SolutionProperties) = preSolution
		HideSolutionNode = FALSE
	EndGlobalSection
	GlobalSection(ExtensibilityGlobals) = postSolution
		SolutionGuid = {48BD3BE6-E139-438C-8962-A2BB684E9E30}
	EndGlobalSection
EndGlobal
