<?xml version="1.0" encoding="utf-8"?>
<Project ToolsVersion="4.0" xmlns="http://schemas.microsoft.com/developer/msbuild/2003">
  <ItemGroup>
    <Filter Include="Исходные файлы">
      <UniqueIdentifier>{4FC737F1-C7A5-4376-A066-2A32D752A2FF}</UniqueIdentifier>
      <Extensions>cpp;c;cc;cxx;c++;cppm;ixx;def;odl;idl;hpj;bat;asm;asmx</Extensions>
    </Filter>
    <Filter Include="Файлы заголовков">
      <UniqueIdentifier>{93995380-89BD-4b04-88EB-625FBE52EBFB}</UniqueIdentifier>
      <Extensions>h;hh;hpp;hxx;h++;hm;inl;inc;ipp;xsd</Extensions>
    </Filter>
    <Filter Include="Файлы ресурсов">
      <UniqueIdentifier>{67DA6AB6-F800-4c08-8B7A-83BB121AAD01}</UniqueIdentifier>
      <Extensions>rc;ico;cur;bmp;dlg;rc2;rct;bin;rgs;gif;jpg;jpeg;jpe;resx;tiff;tif;png;wav;mfcribbon-ms</Extensions>
    </Filter>
    <Filter Include="Исходные файлы\WindowManager">
      <UniqueIdentifier>{aecb8a7c-a394-42a3-a7d1-efe68f998f2a}</UniqueIdentifier>
    </Filter>
    <Filter Include="Исходные файлы\Graphics">
      <UniqueIdentifier>{339feb57-88e1-4645-9a66-33bf7a5e09ae}</UniqueIdentifier>
    </Filter>
    <Filter Include="Файлы ресурсов\ShaderFile">
      <UniqueIdentifier>{f88fb37e-3621-4aee-bd0c-622f6824e2db}</UniqueIdentifier>
    </Filter>
    <Filter Include="Файлы ресурсов\Textures">
      <UniqueIdentifier>{9a0ee942-bc41-447e-acc6-3a5523b4c9ca}</UniqueIdentifier>
    </Filter>
    <Filter Include="Исходные файлы\Graphics\Load">
      <UniqueIdentifier>{245deecf-b4ca-45da-81b7-4d2359346bf0}</UniqueIdentifier>
    </Filter>
  </ItemGroup>
  <ItemGroup>
    <ClCompile Include="MainWindow.cpp">
      <Filter>Исходные файлы</Filter>
    </ClCompile>
    <ClCompile Include="Window.cpp">
      <Filter>Исходные файлы\WindowManager</Filter>
    </ClCompile>
    <ClCompile Include="Events.cpp">
      <Filter>Исходные файлы\WindowManager</Filter>
    </ClCompile>
    <ClCompile Include="Shader.cpp">
      <Filter>Исходные файлы\Graphics</Filter>
    </ClCompile>
    <ClCompile Include="Texture.cpp">
      <Filter>Исходные файлы\Graphics\Load</Filter>
    </ClCompile>
    <ClCompile Include="png_loading.cpp">
      <Filter>Исходные файлы\Graphics\Load</Filter>
    </ClCompile>
  </ItemGroup>
  <ItemGroup>
    <ClInclude Include="Shader.h">
      <Filter>Исходные файлы\Graphics</Filter>
    </ClInclude>
    <ClInclude Include="Events.h">
      <Filter>Исходные файлы\WindowManager</Filter>
    </ClInclude>
    <ClInclude Include="Window.h">
      <Filter>Исходные файлы\WindowManager</Filter>
    </ClInclude>
    <ClInclude Include="Texture.h">
      <Filter>Исходные файлы\Graphics\Load</Filter>
    </ClInclude>
    <ClInclude Include="png_loading.h">
      <Filter>Исходные файлы\Graphics\Load</Filter>
    </ClInclude>
  </ItemGroup>
  <ItemGroup>
    <Image Include="img.png">
      <Filter>Файлы ресурсов\Textures</Filter>
    </Image>
  </ItemGroup>
  <ItemGroup>
    <None Include="main.glslf">
      <Filter>Файлы ресурсов\ShaderFile</Filter>
    </None>
    <None Include="main.glslv">
      <Filter>Файлы ресурсов\ShaderFile</Filter>
    </None>
  </ItemGroup>
</Project>